
Microsoft Visual Studio Solution File, Format Version 12.00
# Visual Studio Version 17
VisualStudioVersion = 17.5.33627.172
MinimumVisualStudioVersion = 10.0.40219.1
Project("{FAE04EC0-301F-11D3-BF4B-00C04F79EFBC}") = "Web.IMS.UI", "Web.IMS.UI\Web.IMS.UI.csproj", "{5A178F62-798F-464D-B63C-0499E6E28ACD}"
EndProject
Global
	GlobalSection(SolutionConfigurationPlatforms) = preSolution
		Debug|Any CPU = Debug|Any CPU
		Release|Any CPU = Release|Any CPU
	EndGlobalSection
	GlobalSection(ProjectConfigurationPlatforms) = postSolution
		{5A178F62-798F-464D-B63C-0499E6E28ACD}.Debug|Any CPU.ActiveCfg = Debug|Any CPU
		{5A178F62-798F-464D-B63C-0499E6E28ACD}.Debug|Any CPU.Build.0 = Debug|Any CPU
		{5A178F62-798F-464D-B63C-0499E6E28ACD}.Release|Any CPU.ActiveCfg = Release|Any CPU
		{5A178F62-798F-464D-B63C-0499E6E28ACD}.Release|Any CPU.Build.0 = Release|Any CPU
	EndGlobalSection
	GlobalSection(SolutionProperties) = preSolution
		HideSolutionNode = FALSE
	EndGlobalSection
	GlobalSection(ExtensibilityGlobals) = postSolution
		SolutionGuid = {922ADDA5-25B9-4315-AD9D-FC5D3A590810}
	EndGlobalSection
EndGlobal
